PODS:
  - fading_images_slider (0.0.1):
    - Flutter
  - Flutter (1.0.0)

DEPENDENCIES:
  - fading_images_slider (from `.symlinks/plugins/fading_images_slider/ios`)
  - Flutter (from `Flutter`)

EXTERNAL SOURCES:
  fading_images_slider:
    :path: ".symlinks/plugins/fading_images_slider/ios"
  Flutter:
    :path: Flutter

SPEC CHECKSUMS:
  fading_images_slider: 349fb2e5eb0e2bb3365a333191d4478f485e9a6d
  Flutter: 434fef37c0980e73bb6479ef766c45957d4b510c

PODFILE CHECKSUM: aafe91acc616949ddb318b77800a7f51bffa2a4c

COCOAPODS: 1.10.1
